
Microsoft Visual Studio Solution File, Format Version 12.00
Project("{FAE04EC0-301F-11D3-BF4B-00C04F79EFBC}") = "Entrance", "Entrance\Entrance.csproj", "{E17B246D-A521-4C74-AE07-9F623F06D6FE}"
EndProject
Project("{FAE04EC0-301F-11D3-BF4B-00C04F79EFBC}") = "Loops", "Loops\Loops.csproj", "{90B6A7D5-4B77-437C-B3C1-24258EC4C08E}"
EndProject
Project("{FAE04EC0-301F-11D3-BF4B-00C04F79EFBC}") = "Arrays", "Arrays\Arrays.csproj", "{5D4D9342-2B6E-4C9B-A20C-EB6BDDE0950B}"
EndProject
Project("{FAE04EC0-301F-11D3-BF4B-00C04F79EFBC}") = "Methods", "Methods\Methods.csproj", "{72CCF714-9ADC-4BB8-B08B-457EBC04079F}"
EndProject
Project("{FAE04EC0-301F-11D3-BF4B-00C04F79EFBC}") = "Methods 2", "Methods 2\Methods 2.csproj", "{73BDD382-C3D9-44EC-9F71-A8A23D0573E1}"
EndProject
Global
	GlobalSection(SolutionConfigurationPlatforms) = preSolution
		Debug|Any CPU = Debug|Any CPU
		Release|Any CPU = Release|Any CPU
	EndGlobalSection
	GlobalSection(ProjectConfigurationPlatforms) = postSolution
		{E17B246D-A521-4C74-AE07-9F623F06D6FE}.Debug|Any CPU.ActiveCfg = Debug|Any CPU
		{E17B246D-A521-4C74-AE07-9F623F06D6FE}.Debug|Any CPU.Build.0 = Debug|Any CPU
		{E17B246D-A521-4C74-AE07-9F623F06D6FE}.Release|Any CPU.ActiveCfg = Release|Any CPU
		{E17B246D-A521-4C74-AE07-9F623F06D6FE}.Release|Any CPU.Build.0 = Release|Any CPU
		{90B6A7D5-4B77-437C-B3C1-24258EC4C08E}.Debug|Any CPU.ActiveCfg = Debug|Any CPU
		{90B6A7D5-4B77-437C-B3C1-24258EC4C08E}.Debug|Any CPU.Build.0 = Debug|Any CPU
		{90B6A7D5-4B77-437C-B3C1-24258EC4C08E}.Release|Any CPU.ActiveCfg = Release|Any CPU
		{90B6A7D5-4B77-437C-B3C1-24258EC4C08E}.Release|Any CPU.Build.0 = Release|Any CPU
		{5D4D9342-2B6E-4C9B-A20C-EB6BDDE0950B}.Debug|Any CPU.ActiveCfg = Debug|Any CPU
		{5D4D9342-2B6E-4C9B-A20C-EB6BDDE0950B}.Debug|Any CPU.Build.0 = Debug|Any CPU
		{5D4D9342-2B6E-4C9B-A20C-EB6BDDE0950B}.Release|Any CPU.ActiveCfg = Release|Any CPU
		{5D4D9342-2B6E-4C9B-A20C-EB6BDDE0950B}.Release|Any CPU.Build.0 = Release|Any CPU
		{72CCF714-9ADC-4BB8-B08B-457EBC04079F}.Debug|Any CPU.ActiveCfg = Debug|Any CPU
		{72CCF714-9ADC-4BB8-B08B-457EBC04079F}.Debug|Any CPU.Build.0 = Debug|Any CPU
		{72CCF714-9ADC-4BB8-B08B-457EBC04079F}.Release|Any CPU.ActiveCfg = Release|Any CPU
		{72CCF714-9ADC-4BB8-B08B-457EBC04079F}.Release|Any CPU.Build.0 = Release|Any CPU
		{73BDD382-C3D9-44EC-9F71-A8A23D0573E1}.Debug|Any CPU.ActiveCfg = Debug|Any CPU
		{73BDD382-C3D9-44EC-9F71-A8A23D0573E1}.Debug|Any CPU.Build.0 = Debug|Any CPU
		{73BDD382-C3D9-44EC-9F71-A8A23D0573E1}.Release|Any CPU.ActiveCfg = Release|Any CPU
		{73BDD382-C3D9-44EC-9F71-A8A23D0573E1}.Release|Any CPU.Build.0 = Release|Any CPU
	EndGlobalSection
EndGlobal
